
Microsoft Visual Studio Solution File, Format Version 12.00
# Visual Studio 15
VisualStudioVersion = 15.0.27428.1
MinimumVisualStudioVersion = 10.0.40219.1
Project("{F184B08F-C81C-45F6-A57F-5ABD9991F28F}") = "AssignmentOne", "AssignmentOne\AssignmentOne.vbproj", "{09140978-2FA0-4556-8C64-D8C57D7CA791}"
EndProject
Global
	GlobalSection(SolutionConfigurationPlatforms) = preSolution
		Debug|Any CPU = Debug|Any CPU
		Release|Any CPU = Release|Any CPU
	EndGlobalSection
	GlobalSection(ProjectConfigurationPlatforms) = postSolution
		{09140978-2FA0-4556-8C64-D8C57D7CA791}.Debug|Any CPU.ActiveCfg = Debug|Any CPU
		{09140978-2FA0-4556-8C64-D8C57D7CA791}.Debug|Any CPU.Build.0 = Debug|Any CPU
		{09140978-2FA0-4556-8C64-D8C57D7CA791}.Release|Any CPU.ActiveCfg = Release|Any CPU
		{09140978-2FA0-4556-8C64-D8C57D7CA791}.Release|Any CPU.Build.0 = Release|Any CPU
	EndGlobalSection
	GlobalSection(SolutionProperties) = preSolution
		HideSolutionNode = FALSE
	EndGlobalSection
	GlobalSection(ExtensibilityGlobals) = postSolution
		SolutionGuid = {C29C46A3-5A17-4291-ACA5-E776A33DEF58}
	EndGlobalSection
EndGlobal
